{
  "version": 4,
  "terraform_version": "1.2.2",
  "serial": 7,
  "lineage": "8cd9ccff-52d7-e0cd-b0f6-171864d8e822",
  "outputs": {},
  "resources": [
    {
      "mode": "managed",
      "type": "azurerm_network_security_group",
      "name": "NSG01",
      "provider": "provider[\"registry.terraform.io/hashicorp/azurerm\"]",
      "instances": [
        {
          "schema_version": 0,
          "attributes": {
            "id": "/subscriptions/507f4d1c-b54b-453f-8ad9-2cefe93bd61b/resourceGroups/RGAPP/providers/Microsoft.Network/networkSecurityGroups/NSG01",
            "location": "brazilsouth",
            "name": "NSG01",
            "resource_group_name": "RGAPP",
            "security_rule": [],
            "tags": {
              "Tec": "Rafael",
              "env": "Dev"
            },
            "timeouts": null
          },
          "sensitive_attributes": [],
          "private": "eyJlMmJmYjczMC1lY2FhLTExZTYtOGY4OC0zNDM2M2JjN2M0YzAiOnsiY3JlYXRlIjoxODAwMDAwMDAwMDAwLCJkZWxldGUiOjE4MDAwMDAwMDAwMDAsInJlYWQiOjMwMDAwMDAwMDAwMCwidXBkYXRlIjoxODAwMDAwMDAwMDAwfX0=",
          "dependencies": [
            "azurerm_resource_group.RGAPP"
          ]
        }
      ]
    },
    {
      "mode": "managed",
      "type": "azurerm_resource_group",
      "name": "RGAPP",
      "provider": "provider[\"registry.terraform.io/hashicorp/azurerm\"]",
      "instances": [
        {
          "schema_version": 0,
          "attributes": {
            "id": "/subscriptions/507f4d1c-b54b-453f-8ad9-2cefe93bd61b/resourceGroups/RGAPP",
            "location": "brazilsouth",
            "name": "RGAPP",
            "tags": {
              "Tec": "Rafael",
              "env": "Dev"
            },
            "timeouts": null
          },
          "sensitive_attributes": [],
          "private": "eyJlMmJmYjczMC1lY2FhLTExZTYtOGY4OC0zNDM2M2JjN2M0YzAiOnsiY3JlYXRlIjo1NDAwMDAwMDAwMDAwLCJkZWxldGUiOjU0MDAwMDAwMDAwMDAsInJlYWQiOjMwMDAwMDAwMDAwMCwidXBkYXRlIjo1NDAwMDAwMDAwMDAwfX0="
        }
      ]
    },
    {
      "mode": "managed",
      "type": "azurerm_virtual_network",
      "name": "VNET01",
      "provider": "provider[\"registry.terraform.io/hashicorp/azurerm\"]",
      "instances": [
        {
          "schema_version": 0,
          "attributes": {
            "address_space": [
              "10.10.0.0/16"
            ],
            "bgp_community": "",
            "ddos_protection_plan": [],
            "dns_servers": [],
            "edge_zone": "",
            "flow_timeout_in_minutes": 0,
            "guid": "ef44497a-ecc3-4a99-a36c-42ba0abaef52",
            "id": "/subscriptions/507f4d1c-b54b-453f-8ad9-2cefe93bd61b/resourceGroups/RGAPP/providers/Microsoft.Network/virtualNetworks/VNET01",
            "location": "brazilsouth",
            "name": "VNET01",
            "resource_group_name": "RGAPP",
            "subnet": [
              {
                "address_prefix": "10.10.1.0/24",
                "id": "/subscriptions/507f4d1c-b54b-453f-8ad9-2cefe93bd61b/resourceGroups/RGAPP/providers/Microsoft.Network/virtualNetworks/VNET01/subnets/SUB-SRV",
                "name": "SUB-SRV",
                "security_group": ""
              },
              {
                "address_prefix": "10.10.2.0/24",
                "id": "/subscriptions/507f4d1c-b54b-453f-8ad9-2cefe93bd61b/resourceGroups/RGAPP/providers/Microsoft.Network/virtualNetworks/VNET01/subnets/SUB-APPGW",
                "name": "SUB-APPGW",
                "security_group": "/subscriptions/507f4d1c-b54b-453f-8ad9-2cefe93bd61b/resourceGroups/RGAPP/providers/Microsoft.Network/networkSecurityGroups/NSG01"
              },
              {
                "address_prefix": "10.10.250.0/26",
                "id": "/subscriptions/507f4d1c-b54b-453f-8ad9-2cefe93bd61b/resourceGroups/RGAPP/providers/Microsoft.Network/virtualNetworks/VNET01/subnets/AzureBastionSubnet",
                "name": "AzureBastionSubnet",
                "security_group": ""
              }
            ],
            "tags": {
              "Tec": "Rafael",
              "env": "Dev"
            },
            "timeouts": null
          },
          "sensitive_attributes": [],
          "private": "eyJlMmJmYjczMC1lY2FhLTExZTYtOGY4OC0zNDM2M2JjN2M0YzAiOnsiY3JlYXRlIjoxODAwMDAwMDAwMDAwLCJkZWxldGUiOjE4MDAwMDAwMDAwMDAsInJlYWQiOjMwMDAwMDAwMDAwMCwidXBkYXRlIjoxODAwMDAwMDAwMDAwfX0=",
          "dependencies": [
            "azurerm_network_security_group.NSG01",
            "azurerm_resource_group.RGAPP"
          ]
        }
      ]
    }
  ]
}
